
Microsoft Visual Studio Solution File, Format Version 12.00
# Visual Studio 15
VisualStudioVersion = 15.0.27703.2026
MinimumVisualStudioVersion = 10.0.40219.1
Project("{FAE04EC0-301F-11D3-BF4B-00C04F79EFBC}") = "Practica2Objetos", "Practica2Objetos\Practica2Objetos.csproj", "{ACC7554A-2BF5-4B0D-A061-97C948638899}"
EndProject
Global
	GlobalSection(SolutionConfigurationPlatforms) = preSolution
		Debug|Any CPU = Debug|Any CPU
		Release|Any CPU = Release|Any CPU
	EndGlobalSection
	GlobalSection(ProjectConfigurationPlatforms) = postSolution
		{ACC7554A-2BF5-4B0D-A061-97C948638899}.Debug|Any CPU.ActiveCfg = Debug|Any CPU
		{ACC7554A-2BF5-4B0D-A061-97C948638899}.Debug|Any CPU.Build.0 = Debug|Any CPU
		{ACC7554A-2BF5-4B0D-A061-97C948638899}.Release|Any CPU.ActiveCfg = Release|Any CPU
		{ACC7554A-2BF5-4B0D-A061-97C948638899}.Release|Any CPU.Build.0 = Release|Any CPU
	EndGlobalSection
	GlobalSection(SolutionProperties) = preSolution
		HideSolutionNode = FALSE
	EndGlobalSection
	GlobalSection(ExtensibilityGlobals) = postSolution
		SolutionGuid = {F73C98DD-C65A-4269-B814-51F73F1A89F8}
	EndGlobalSection
EndGlobal
